
Microsoft Visual Studio Solution File, Format Version 12.00
# Visual Studio Version 17
VisualStudioVersion = 17.10.35027.167
MinimumVisualStudioVersion = 10.0.40219.1
Project("{FAE04EC0-301F-11D3-BF4B-00C04F79EFBC}") = "WebAPICoreSQL", "WebAPICoreSQL.csproj", "{3723B82E-FF9E-4904-AA15-CD9623C27CE0}"
EndProject
Global
	GlobalSection(SolutionConfigurationPlatforms) = preSolution
		Debug|Any CPU = Debug|Any CPU
		Release|Any CPU = Release|Any CPU
	EndGlobalSection
	GlobalSection(ProjectConfigurationPlatforms) = postSolution
		{3723B82E-FF9E-4904-AA15-CD9623C27CE0}.Debug|Any CPU.ActiveCfg = Debug|Any CPU
		{3723B82E-FF9E-4904-AA15-CD9623C27CE0}.Debug|Any CPU.Build.0 = Debug|Any CPU
		{3723B82E-FF9E-4904-AA15-CD9623C27CE0}.Release|Any CPU.ActiveCfg = Release|Any CPU
		{3723B82E-FF9E-4904-AA15-CD9623C27CE0}.Release|Any CPU.Build.0 = Release|Any CPU
	EndGlobalSection
	GlobalSection(SolutionProperties) = preSolution
		HideSolutionNode = FALSE
	EndGlobalSection
	GlobalSection(ExtensibilityGlobals) = postSolution
		SolutionGuid = {6EEA2767-06A0-4527-A16F-B48FC60EA5A9}
	EndGlobalSection
EndGlobal
